<?xml version="1.0" encoding="utf-8"?>
<Project ToolsVersion="4.0" xmlns="http://schemas.microsoft.com/developer/msbuild/2003">
  <ItemGroup>
    <Filter Include="Source Files">
      <UniqueIdentifier>{4FC737F1-C7A5-4376-A066-2A32D752A2FF}</UniqueIdentifier>
      <Extensions>qml;cpp;c;cc;cxx;def;odl;idl;hpj;bat;asm;asmx</Extensions>
    </Filter>
    <Filter Include="Header Files">
      <UniqueIdentifier>{93995380-89BD-4b04-88EB-625FBE52EBFB}</UniqueIdentifier>
      <Extensions>h;hh;hpp;hxx;hm;inl;inc;xsd</Extensions>
    </Filter>
    <Filter Include="Resource Files">
      <UniqueIdentifier>{67DA6AB6-F800-4c08-8B7A-83BB121AAD01}</UniqueIdentifier>
      <Extensions>qrc;rc;ico;cur;bmp;dlg;rc2;rct;bin;rgs;gif;jpg;jpeg;jpe;resx;tiff;tif;png;wav;mfcribbon-ms</Extensions>
    </Filter>
    <Filter Include="Form Files">
      <UniqueIdentifier>{99349809-55BA-4b9d-BF79-8FDBB0286EB3}</UniqueIdentifier>
      <Extensions>ui</Extensions>
    </Filter>
    <Filter Include="Translation Files">
      <UniqueIdentifier>{639EADAA-A684-42e4-A9AD-28FC9BCB8F7C}</UniqueIdentifier>
      <Extensions>ts</Extensions>
    </Filter>
  </ItemGroup>
  <ItemGroup>
    <QtRcc Include="login.qrc">
      <Filter>Resource Files</Filter>
    </QtRcc>
    <QtUic Include="login.ui">
      <Filter>Form Files</Filter>
    </QtUic>
    <QtMoc Include="login.h">
      <Filter>Header Files</Filter>
    </QtMoc>
    <ClCompile Include="login.cpp">
      <Filter>Source Files</Filter>
    </ClCompile>
  </ItemGroup>
  <ItemGroup>
    <ClCompile Include="main.cpp">
      <Filter>Source Files</Filter>
    </ClCompile>
    <ClCompile Include="studentuser.cpp">
      <Filter>Source Files</Filter>
    </ClCompile>
    <ClCompile Include="adminuser.cpp">
      <Filter>Source Files</Filter>
    </ClCompile>
    <ClCompile Include="teacheruser.cpp">
      <Filter>Source Files</Filter>
    </ClCompile>
    <ClCompile Include="seeAllcourse.cpp">
      <Filter>Source Files</Filter>
    </ClCompile>
    <ClCompile Include="deltopic.cpp">
      <Filter>Source Files</Filter>
    </ClCompile>
    <ClCompile Include="addtopic.cpp">
      <Filter>Source Files</Filter>
    </ClCompile>
    <ClCompile Include="seltopic.cpp">
      <Filter>Source Files</Filter>
    </ClCompile>
    <ClCompile Include="seestuinfo.cpp">
      <Filter>Source Files</Filter>
    </ClCompile>
    <ClCompile Include="seetchinfo.cpp">
      <Filter>Source Files</Filter>
    </ClCompile>
    <ClCompile Include="contactdev.cpp">
      <Filter>Source Files</Filter>
    </ClCompile>
  </ItemGroup>
  <ItemGroup>
    <ClInclude Include="globalFile.h">
      <Filter>Header Files</Filter>
    </ClInclude>
    <ClInclude Include="student.h">
      <Filter>Header Files</Filter>
    </ClInclude>
    <ClInclude Include="ui_studentuser.h">
      <Filter>Header Files</Filter>
    </ClInclude>
    <ClInclude Include="teacher.h">
      <Filter>Header Files</Filter>
    </ClInclude>
    <ClInclude Include="ui_seeAllcourse.h">
      <Filter>Header Files</Filter>
    </ClInclude>
  </ItemGroup>
  <ItemGroup>
    <QtMoc Include="studentuser.h">
      <Filter>Header Files</Filter>
    </QtMoc>
    <QtMoc Include="adminuser.h">
      <Filter>Header Files</Filter>
    </QtMoc>
    <QtMoc Include="teacheruser.h">
      <Filter>Header Files</Filter>
    </QtMoc>
    <QtMoc Include="seeAllcourse.h">
      <Filter>Header Files</Filter>
    </QtMoc>
    <QtMoc Include="deltopic.h">
      <Filter>Header Files</Filter>
    </QtMoc>
    <QtMoc Include="addtopic.h">
      <Filter>Header Files</Filter>
    </QtMoc>
    <QtMoc Include="seltopic.h">
      <Filter>Header Files</Filter>
    </QtMoc>
    <QtMoc Include="seestuinfo.h">
      <Filter>Header Files</Filter>
    </QtMoc>
    <QtMoc Include="seetchinfo.h">
      <Filter>Header Files</Filter>
    </QtMoc>
    <QtMoc Include="contactdev.h">
      <Filter>Header Files</Filter>
    </QtMoc>
  </ItemGroup>
  <ItemGroup>
    <QtUic Include="studentuser.ui">
      <Filter>Form Files</Filter>
    </QtUic>
    <QtUic Include="adminuser.ui">
      <Filter>Form Files</Filter>
    </QtUic>
    <QtUic Include="teacheruser.ui">
      <Filter>Form Files</Filter>
    </QtUic>
    <QtUic Include="deltopic.ui">
      <Filter>Form Files</Filter>
    </QtUic>
    <QtUic Include="seeAllcourse.ui">
      <Filter>Form Files</Filter>
    </QtUic>
    <QtUic Include="addtopic.ui">
      <Filter>Form Files</Filter>
    </QtUic>
    <QtUic Include="seltopic.ui">
      <Filter>Form Files</Filter>
    </QtUic>
    <QtUic Include="seestuinfo.ui">
      <Filter>Form Files</Filter>
    </QtUic>
    <QtUic Include="seetchinfo.ui">
      <Filter>Form Files</Filter>
    </QtUic>
    <QtUic Include="contactdev.ui">
      <Filter>Form Files</Filter>
    </QtUic>
  </ItemGroup>
  <ItemGroup>
    <Text Include="data\adminpwd.txt" />
    <Text Include="data\stulist.txt" />
    <Text Include="data\stupwd.txt" />
    <Text Include="data\tchlist.txt" />
    <Text Include="data\tchpwd.txt" />
    <Text Include="data\topiclist.txt" />
    <Text Include="data\temp.txt" />
  </ItemGroup>
</Project>